// !$*UTF8*$!
{
	archiveVersion = 1;
	classes = {
	};
	objectVersion = 46;
	objects = {

/* Begin PBXBuildFile section */
		AF020C661CC570F300A05E69 /* AppDelegate.swift in Sources */ = {isa = PBXBuildFile; fileRef = AF020C651CC570F300A05E69 /* AppDelegate.swift */; };
		AF020C681CC570F300A05E69 /* ViewController.swift in Sources */ = {isa = PBXBuildFile; fileRef = AF020C671CC570F300A05E69 /* ViewController.swift */; };
		AF020C6B1CC570F300A05E69 /* Main.storyboard in Resources */ = {isa = PBXBuildFile; fileRef = AF020C691CC570F300A05E69 /* Main.storyboard */; };
		AF020C6D1CC570F300A05E69 /* Assets.xcassets in Resources */ = {isa = PBXBuildFile; fileRef = AF020C6C1CC570F300A05E69 /* Assets.xcassets */; };
		AF020C701CC570F300A05E69 /* LaunchScreen.storyboard in Resources */ = {isa = PBXBuildFile; fileRef = AF020C6E1CC570F300A05E69 /* LaunchScreen.storyboard */; };
		AF2B6C0D1CC7274F007C5D04 /* tableViewController.swift in Sources */ = {isa = PBXBuildFile; fileRef = AF2B6C0C1CC7274F007C5D04 /* tableViewController.swift */; };
/* End PBXBuildFile section */

/* Begin PBXFileReference section */
		AF020C621CC570F300A05E69 /* Filterer.app */ = {isa = PBXFileReference; explicitFileType = wrapper.application; includeInIndex = 0; path = Filterer.app; sourceTree = BUILT_PRODUCTS_DIR; };
		AF020C651CC570F300A05E69 /* AppDelegate.swift */ = {isa = PBXFileReference; lastKnownFileType = sourcecode.swift; path = AppDelegate.swift; sourceTree = "<group>"; };
		AF020C671CC570F300A05E69 /* ViewController.swift */ = {isa = PBXFileReference; lastKnownFileType = sourcecode.swift; path = ViewController.swift; sourceTree = "<group>"; };
		AF020C6A1CC570F300A05E69 /* Base */ = {isa = PBXFileReference; lastKnownFileType = file.storyboard; name = Base; path = Base.lproj/Main.storyboard; sourceTree = "<group>"; };
		AF020C6C1CC570F300A05E69 /* Assets.xcassets */ = {isa = PBXFileReference; lastKnownFileType = folder.assetcatalog; path = Assets.xcassets; sourceTree = "<group>"; };
		AF020C6F1CC570F300A05E69 /* Base */ = {isa = PBXFileReference; lastKnownFileType = file.storyboard; name = Base; path = Base.lproj/LaunchScreen.storyboard; sourceTree = "<group>"; };
		AF020C711CC570F300A05E69 /* Info.plist */ = {isa = PBXFileReference; lastKnownFileType = text.plist.xml; path = Info.plist; sourceTree = "<group>"; };
		AF2B6C0C1CC7274F007C5D04 /* tableViewController.swift */ = {isa = PBXFileReference; fileEncoding = 4; lastKnownFileType = sourcecode.swift; path = tableViewController.swift; sourceTree = "<group>"; };
/* End PBXFileReference section */

/* Begin PBXFrameworksBuildPhase section */
		AF020C5F1CC570F300A05E69 /* Frameworks */ = {
			isa = PBXFrameworksBuildPhase;
			buildActionMask = 2147483647;
			files = (
			);
			runOnlyForDeploymentPostprocessing = 0;
		};
/* End PBXFrameworksBuildPhase section */

/* Begin PBXGroup section */
		AF020C591CC570F300A05E69 = {
			isa = PBXGroup;
			children = (
				AF020C641CC570F300A05E69 /* Filterer */,
				AF020C631CC570F300A05E69 /* Products */,
			);
			sourceTree = "<group>";
		};
		AF020C631CC570F300A05E69 /* Products */ = {
			isa = PBXGroup;
			children = (
				AF020C621CC570F300A05E69 /* Filterer.app */,
			);
			name = Products;
			sourceTree = "<group>";
		};
		AF020C641CC570F300A05E69 /* Filterer */ = {
			isa = PBXGroup;
			children = (
				AF020C651CC570F300A05E69 /* AppDelegate.swift */,
				AF020C671CC570F300A05E69 /* ViewController.swift */,
				AF020C691CC570F300A05E69 /* Main.storyboard */,
				AF2B6C0C1CC7274F007C5D04 /* tableViewController.swift */,
				AF020C6C1CC570F300A05E69 /* Assets.xcassets */,
				AF020C6E1CC570F300A05E69 /* LaunchScreen.storyboard */,
				AF020C711CC570F300A05E69 /* Info.plist */,
			);
			path = Filterer;
			sourceTree = "<group>";
		};
/* End PBXGroup section */

/* Begin PBXNativeTarget section */
		AF020C611CC570F300A05E69 /* Filterer */ = {
			isa = PBXNativeTarget;
			buildConfigurationList = AF020C741CC570F300A05E69 /* Build configuration list for PBXNativeTarget "Filterer" */;
			buildPhases = (
				AF020C5E1CC570F300A05E69 /* Sources */,
				AF020C5F1CC570F300A05E69 /* Frameworks */,
				AF020C601CC570F300A05E69 /* Resources */,
			);
			buildRules = (
			);
			dependencies = (
			);
			name = Filterer;
			productName = Filterer;
			productReference = AF020C621CC570F300A05E69 /* Filterer.app */;
			productType = "com.apple.product-type.application";
		};
/* End PBXNativeTarget section */

/* Begin PBXProject section */
		AF020C5A1CC570F300A05E69 /* Project object */ = {
			isa = PBXProject;
			attributes = {
				LastSwiftUpdateCheck = 0730;
				LastUpgradeCheck = 0730;
				ORGANIZATIONNAME = "Tony Toussaint";
				TargetAttributes = {
					AF020C611CC570F300A05E69 = {
						CreatedOnToolsVersion = 7.3;
						DevelopmentTeam = H89LF25P69;
					};
				};
			};
			buildConfigurationList = AF020C5D1CC570F300A05E69 /* Build configuration list for PBXProject "Filterer" */;
			compatibilityVersion = "Xcode 3.2";
			developmentRegion = English;
			hasScannedForEncodings = 0;
			knownRegions = (
				en,
				Base,
			);
			mainGroup = AF020C591CC570F300A05E69;
			productRefGroup = AF020C631CC570F300A05E69 /* Products */;
			projectDirPath = "";
			projectRoot = "";
			targets = (
				AF020C611CC570F300A05E69 /* Filterer */,
			);
		};
/* End PBXProject section */

/* Begin PBXResourcesBuildPhase section */
		AF020C601CC570F300A05E69 /* Resources */ = {
			isa = PBXResourcesBuildPhase;
			buildActionMask = 2147483647;
			files = (
				AF020C701CC570F300A05E69 /* LaunchScreen.storyboard in Resources */,
				AF020C6D1CC570F300A05E69 /* Assets.xcassets in Resources */,
				AF020C6B1CC570F300A05E69 /* Main.storyboard in Resources */,
			);
			runOnlyForDeploymentPostprocessing = 0;
		};
/* End PBXResourcesBuildPhase section */

/* Begin PBXSourcesBuildPhase section */
		AF020C5E1CC570F300A05E69 /* Sources */ = {
			isa = PBXSourcesBuildPhase;
			buildActionMask = 2147483647;
			files = (
				AF2B6C0D1CC7274F007C5D04 /* tableViewController.swift in Sources */,
				AF020C681CC570F300A05E69 /* ViewController.swift in Sources */,
				AF020C661CC570F300A05E69 /* AppDelegate.swift in Sources */,
			);
			runOnlyForDeploymentPostprocessing = 0;
		};
/* End PBXSourcesBuildPhase section */

/* Begin PBXVariantGroup section */
		AF020C691CC570F300A05E69 /* Main.storyboard */ = {
			isa = PBXVariantGroup;
			children = (
				AF020C6A1CC570F300A05E69 /* Base */,
			);
			name = Main.storyboard;
			sourceTree = "<group>";
		};
		AF020C6E1CC570F300A05E69 /* LaunchScreen.storyboard */ = {
			isa = PBXVariantGroup;
			children = (
				AF020C6F1CC570F300A05E69 /* Base */,
			);
			name = LaunchScreen.storyboard;
			sourceTree = "<group>";
		};
/* End PBXVariantGroup section */

/* Begin XCBuildConfiguration section */
		AF020C721CC570F300A05E69 /* Debug */ = {
			isa = XCBuildConfiguration;
			buildSettings = {
				ALWAYS_SEARCH_USER_PATHS = NO;
				CLANG_ANALYZER_NONNULL = YES;
				CLANG_CXX_LANGUAGE_STANDARD = "gnu++0x";
				CLANG_CXX_LIBRARY = "libc++";
				CLANG_ENABLE_MODULES = YES;
				CLANG_ENABLE_OBJC_ARC = YES;
				CLANG_WARN_BOOL_CONVERSION = YES;
				CLANG_WARN_CONSTANT_CONVERSION = YES;
				CLANG_WARN_DIRECT_OBJC_ISA_USAGE = YES_ERROR;
				CLANG_WARN_EMPTY_BODY = YES;
				CLANG_WARN_ENUM_CONVERSION = YES;
				CLANG_WARN_INT_CONVERSION = YES;
				CLANG_WARN_OBJC_ROOT_CLASS = YES_ERROR;
				CLANG_WARN_UNREACHABLE_CODE = YES;
				CLANG_WARN__DUPLICATE_METHOD_MATCH = YES;
				"CODE_SIGN_IDENTITY[sdk=iphoneos*]" = "iPhone Developer";
				COPY_PHASE_STRIP = NO;
				DEBUG_INFORMATION_FORMAT = dwarf;
				ENABLE_STRICT_OBJC_MSGSEND = YES;
				ENABLE_TESTABILITY = YES;
				GCC_C_LANGUAGE_STANDARD = gnu99;
				GCC_DYNAMIC_NO_PIC = NO;
				GCC_NO_COMMON_BLOCKS = YES;
				GCC_OPTIMIZATION_LEVEL = 0;
				GCC_PREPROCESSOR_DEFINITIONS = (
					"DEBUG=1",
					"$(inherited)",
				);
				GCC_WARN_64_TO_32_BIT_CONVERSION = YES;
				GCC_WARN_ABOUT_RETURN_TYPE = YES_ERROR;
				GCC_WARN_UNDECLARED_SELECTOR = YES;
				GCC_WARN_UNINITIALIZED_AUTOS = YES_AGGRESSIVE;
				GCC_WARN_UNUSED_FUNCTION = YES;
				GCC_WARN_UNUSED_VARIABLE = YES;
				IPHONEOS_DEPLOYMENT_TARGET = 9.3;
				MTL_ENABLE_DEBUG_INFO = YES;
				ONLY_ACTIVE_ARCH = YES;
				SDKROOT = iphoneos;
				SWIFT_OPTIMIZATION_LEVEL = "-Onone";
				TARGETED_DEVICE_FAMILY = "1,2";
			};
			name = Debug;
		};
		AF020C731CC570F300A05E69 /* Release */ = {
			isa = XCBuildConfiguration;
			buildSettings = {
				ALWAYS_SEARCH_USER_PATHS = NO;
				CLANG_ANALYZER_NONNULL = YES;
				CLANG_CXX_LANGUAGE_STANDARD = "gnu++0x";
				CLANG_CXX_LIBRARY = "libc++";
				CLANG_ENABLE_MODULES = YES;
				CLANG_ENABLE_OBJC_ARC = YES;
				CLANG_WARN_BOOL_CONVERSION = YES;
				CLANG_WARN_CONSTANT_CONVERSION = YES;
				CLANG_WARN_DIRECT_OBJC_ISA_USAGE = YES_ERROR;
				CLANG_WARN_EMPTY_BODY = YES;
				CLANG_WARN_ENUM_CONVERSION = YES;
				CLANG_WARN_INT_CONVERSION = YES;
				CLANG_WARN_OBJC_ROOT_CLASS = YES_ERROR;
				CLANG_WARN_UNREACHABLE_CODE = YES;
				CLANG_WARN__DUPLICATE_METHOD_MATCH = YES;
				"CODE_SIGN_IDENTITY[sdk=iphoneos*]" = "iPhone Developer";
				COPY_PHASE_STRIP = NO;
				DEBUG_INFORMATION_FORMAT = "dwarf-with-dsym";
				ENABLE_NS_ASSERTIONS = NO;
				ENABLE_STRICT_OBJC_MSGSEND = YES;
				GCC_C_LANGUAGE_STANDARD = gnu99;
				GCC_NO_COMMON_BLOCKS = YES;
				GCC_WARN_64_TO_32_BIT_CONVERSION = YES;
				GCC_WARN_ABOUT_RETURN_TYPE = YES_ERROR;
				GCC_WARN_UNDECLARED_SELECTOR = YES;
				GCC_WARN_UNINITIALIZED_AUTOS = YES_AGGRESSIVE;
				GCC_WARN_UNUSED_FUNCTION = YES;
				GCC_WARN_UNUSED_VARIABLE = YES;
				IPHONEOS_DEPLOYMENT_TARGET = 9.3;
				MTL_ENABLE_DEBUG_INFO = NO;
				SDKROOT = iphoneos;
				TARGETED_DEVICE_FAMILY = "1,2";
				VALIDATE_PRODUCT = YES;
			};
			name = Release;
		};
		AF020C751CC570F300A05E69 /* Debug */ = {
			isa = XCBuildConfiguration;
			buildSettings = {
				ASSETCATALOG_COMPILER_APPICON_NAME = AppIcon;
				INFOPLIST_FILE = Filterer/Info.plist;
				LD_RUNPATH_SEARCH_PATHS = "$(inherited) @executable_path/Frameworks";
				PRODUCT_BUNDLE_IDENTIFIER = Tony.Filterer;
				PRODUCT_NAME = "$(TARGET_NAME)";
			};
			name = Debug;
		};
		AF020C761CC570F300A05E69 /* Release */ = {
			isa = XCBuildConfiguration;
			buildSettings = {
				ASSETCATALOG_COMPILER_APPICON_NAME = AppIcon;
				INFOPLIST_FILE = Filterer/Info.plist;
				LD_RUNPATH_SEARCH_PATHS = "$(inherited) @executable_path/Frameworks";
				PRODUCT_BUNDLE_IDENTIFIER = Tony.Filterer;
				PRODUCT_NAME = "$(TARGET_NAME)";
			};
			name = Release;
		};
/* End XCBuildConfiguration section */

/* Begin XCConfigurationList section */
		AF020C5D1CC570F300A05E69 /* Build configuration list for PBXProject "Filterer" */ = {
			isa = XCConfigurationList;
			buildConfigurations = (
				AF020C721CC570F300A05E69 /* Debug */,
				AF020C731CC570F300A05E69 /* Release */,
			);
			defaultConfigurationIsVisible = 0;
			defaultConfigurationName = Release;
		};
		AF020C741CC570F300A05E69 /* Build configuration list for PBXNativeTarget "Filterer" */ = {
			isa = XCConfigurationList;
			buildConfigurations = (
				AF020C751CC570F300A05E69 /* Debug */,
				AF020C761CC570F300A05E69 /* Release */,
			);
			defaultConfigurationIsVisible = 0;
			defaultConfigurationName = Release;
		};
/* End XCConfigurationList section */
	};
	rootObject = AF020C5A1CC570F300A05E69 /* Project object */;
}
